
Microsoft Visual Studio Solution File, Format Version 12.00
# Visual Studio 2012
Project("{FAE04EC0-301F-11D3-BF4B-00C04F79EFBC}") = "Flight", "Flight\Flight.csproj", "{641B26FF-6C24-45FF-869D-0FE3875FF9CA}"
EndProject
Global
	GlobalSection(SolutionConfigurationPlatforms) = preSolution
		Debug|Any CPU = Debug|Any CPU
		Release|Any CPU = Release|Any CPU
		AntlrBuild|Any CPU = AntlrBuild|Any CPU
	EndGlobalSection
	GlobalSection(ProjectConfigurationPlatforms) = postSolution
		{641B26FF-6C24-45FF-869D-0FE3875FF9CA}.AntlrBuild|Any CPU.ActiveCfg = AntlrBuild|Any CPU
		{641B26FF-6C24-45FF-869D-0FE3875FF9CA}.AntlrBuild|Any CPU.Build.0 = AntlrBuild|Any CPU
	EndGlobalSection
EndGlobal
